
Microsoft Visual Studio Solution File, Format Version 12.00
# Visual Studio 15
VisualStudioVersion = 15.0.26228.9
MinimumVisualStudioVersion = 10.0.40219.1
Project("{2150E333-8FDC-42A3-9474-1A3956D46DE8}") = "src", "src", "{0D2BC941-7E3A-4A1A-B5DA-A7F3AB32C785}"
EndProject
Project("{2150E333-8FDC-42A3-9474-1A3956D46DE8}") = "Solution Items", "Solution Items", "{42816ED5-2E52-4DBE-980A-9034B21B228D}"
	ProjectSection(SolutionItems) = preProject
		.editorconfig = .editorconfig
		ChangeVersion.ps1 = ChangeVersion.ps1
	EndProjectSection
EndProject
Project("{2150E333-8FDC-42A3-9474-1A3956D46DE8}") = "test", "test", "{6714F8E9-8637-4F54-9728-5951ECC204DF}"
EndProject
Project("{2150E333-8FDC-42A3-9474-1A3956D46DE8}") = "doc", "doc", "{93BEADBD-BDF0-4261-81C9-233EA3CF0A4F}"
	ProjectSection(SolutionItems) = preProject
		doc\providers.md = doc\providers.md
		README.md = README.md
		doc\vsshortcuts.md = doc\vsshortcuts.md
	EndProjectSection
EndProject
Project("{2150E333-8FDC-42A3-9474-1A3956D46DE8}") = "providers", "providers", "{2027642C-6F44-4F03-86ED-7775080B8471}"
	ProjectSection(SolutionItems) = preProject
		doc\providers\windows-etw.md = doc\providers\windows-etw.md
	EndProjectSection
EndProject
Project("{9A19103F-16F7-4668-BE54-9A1E7A4F7556}") = "LogMagic", "src\LogMagic\LogMagic.csproj", "{D154DBFD-E8AD-4ACC-990A-4B6393242C3E}"
EndProject
Project("{9A19103F-16F7-4668-BE54-9A1E7A4F7556}") = "LogMagic.Test", "test\LogMagic.Test\LogMagic.Test.csproj", "{97B33270-5CCE-40E0-A1C0-F6D93FF1F393}"
EndProject
Project("{9A19103F-16F7-4668-BE54-9A1E7A4F7556}") = "LogMagic.Microsoft.Azure", "src\LogMagic.Microsoft.Azure\LogMagic.Microsoft.Azure.csproj", "{B05630D8-B766-4949-AAED-5BBB2459CF47}"
EndProject
Project("{9A19103F-16F7-4668-BE54-9A1E7A4F7556}") = "LogMagic.Console", "test\LogMagic.Console\LogMagic.Console.csproj", "{421BB0B7-13E0-4C5A-AC55-6AB17B545F24}"
EndProject
Project("{FAE04EC0-301F-11D3-BF4B-00C04F79EFBC}") = "LogMagic.Microsoft.Azure.ServiceFabric", "src\LogMagic.Microsoft.Azure.ServiceFabric\LogMagic.Microsoft.Azure.ServiceFabric.csproj", "{025BAAB3-68E5-4276-AFE5-95D84F282F71}"
EndProject
Project("{FAE04EC0-301F-11D3-BF4B-00C04F79EFBC}") = "LogMagic.Microsoft.Azure.ApplicationInsights", "src\LogMagic.Microsoft.Azure.ApplicationInsights\LogMagic.Microsoft.Azure.ApplicationInsights.csproj", "{14792561-4CBB-4FC8-B078-33075B5D9B92}"
EndProject
Global
	GlobalSection(SolutionConfigurationPlatforms) = preSolution
		Debug|Any CPU = Debug|Any CPU
		Release|Any CPU = Release|Any CPU
	EndGlobalSection
	GlobalSection(ProjectConfigurationPlatforms) = postSolution
		{D154DBFD-E8AD-4ACC-990A-4B6393242C3E}.Debug|Any CPU.ActiveCfg = Debug|Any CPU
		{D154DBFD-E8AD-4ACC-990A-4B6393242C3E}.Debug|Any CPU.Build.0 = Debug|Any CPU
		{D154DBFD-E8AD-4ACC-990A-4B6393242C3E}.Release|Any CPU.ActiveCfg = Release|Any CPU
		{D154DBFD-E8AD-4ACC-990A-4B6393242C3E}.Release|Any CPU.Build.0 = Release|Any CPU
		{97B33270-5CCE-40E0-A1C0-F6D93FF1F393}.Debug|Any CPU.ActiveCfg = Debug|Any CPU
		{97B33270-5CCE-40E0-A1C0-F6D93FF1F393}.Debug|Any CPU.Build.0 = Debug|Any CPU
		{97B33270-5CCE-40E0-A1C0-F6D93FF1F393}.Release|Any CPU.ActiveCfg = Release|Any CPU
		{97B33270-5CCE-40E0-A1C0-F6D93FF1F393}.Release|Any CPU.Build.0 = Release|Any CPU
		{B05630D8-B766-4949-AAED-5BBB2459CF47}.Debug|Any CPU.ActiveCfg = Debug|Any CPU
		{B05630D8-B766-4949-AAED-5BBB2459CF47}.Debug|Any CPU.Build.0 = Debug|Any CPU
		{B05630D8-B766-4949-AAED-5BBB2459CF47}.Release|Any CPU.ActiveCfg = Release|Any CPU
		{B05630D8-B766-4949-AAED-5BBB2459CF47}.Release|Any CPU.Build.0 = Release|Any CPU
		{421BB0B7-13E0-4C5A-AC55-6AB17B545F24}.Debug|Any CPU.ActiveCfg = Debug|Any CPU
		{421BB0B7-13E0-4C5A-AC55-6AB17B545F24}.Debug|Any CPU.Build.0 = Debug|Any CPU
		{421BB0B7-13E0-4C5A-AC55-6AB17B545F24}.Release|Any CPU.ActiveCfg = Release|Any CPU
		{421BB0B7-13E0-4C5A-AC55-6AB17B545F24}.Release|Any CPU.Build.0 = Release|Any CPU
		{025BAAB3-68E5-4276-AFE5-95D84F282F71}.Debug|Any CPU.ActiveCfg = Debug|Any CPU
		{025BAAB3-68E5-4276-AFE5-95D84F282F71}.Debug|Any CPU.Build.0 = Debug|Any CPU
		{025BAAB3-68E5-4276-AFE5-95D84F282F71}.Release|Any CPU.ActiveCfg = Release|Any CPU
		{025BAAB3-68E5-4276-AFE5-95D84F282F71}.Release|Any CPU.Build.0 = Release|Any CPU
		{14792561-4CBB-4FC8-B078-33075B5D9B92}.Debug|Any CPU.ActiveCfg = Debug|Any CPU
		{14792561-4CBB-4FC8-B078-33075B5D9B92}.Debug|Any CPU.Build.0 = Debug|Any CPU
		{14792561-4CBB-4FC8-B078-33075B5D9B92}.Release|Any CPU.ActiveCfg = Release|Any CPU
		{14792561-4CBB-4FC8-B078-33075B5D9B92}.Release|Any CPU.Build.0 = Release|Any CPU
	EndGlobalSection
	GlobalSection(SolutionProperties) = preSolution
		HideSolutionNode = FALSE
	EndGlobalSection
	GlobalSection(NestedProjects) = preSolution
		{2027642C-6F44-4F03-86ED-7775080B8471} = {93BEADBD-BDF0-4261-81C9-233EA3CF0A4F}
		{D154DBFD-E8AD-4ACC-990A-4B6393242C3E} = {0D2BC941-7E3A-4A1A-B5DA-A7F3AB32C785}
		{97B33270-5CCE-40E0-A1C0-F6D93FF1F393} = {6714F8E9-8637-4F54-9728-5951ECC204DF}
		{B05630D8-B766-4949-AAED-5BBB2459CF47} = {0D2BC941-7E3A-4A1A-B5DA-A7F3AB32C785}
		{421BB0B7-13E0-4C5A-AC55-6AB17B545F24} = {6714F8E9-8637-4F54-9728-5951ECC204DF}
		{025BAAB3-68E5-4276-AFE5-95D84F282F71} = {0D2BC941-7E3A-4A1A-B5DA-A7F3AB32C785}
		{14792561-4CBB-4FC8-B078-33075B5D9B92} = {0D2BC941-7E3A-4A1A-B5DA-A7F3AB32C785}
	EndGlobalSection
EndGlobal
