
Microsoft Visual Studio Solution File, Format Version 12.00
# Visual Studio 15
VisualStudioVersion = 15.0.27703.2042
MinimumVisualStudioVersion = 10.0.40219.1
Project("{A07B5EB6-E848-4116-A8D0-A826331D98C6}") = "LogMagic.ServiceFabric.AppInsights.Watchdog", "LogMagic.ServiceFabric.AppInsights.Watchdog\LogMagic.ServiceFabric.AppInsights.Watchdog.sfproj", "{4C5EC38A-26E9-451B-B85A-F9FDBAA64600}"
EndProject
Project("{FAE04EC0-301F-11D3-BF4B-00C04F79EFBC}") = "WatchdogService", "WatchdogService\WatchdogService.csproj", "{6C2BAA9A-77B5-4C74-87B0-5F234B6860C5}"
EndProject
Project("{9A19103F-16F7-4668-BE54-9A1E7A4F7556}") = "LogMagic", "..\..\src\LogMagic\LogMagic.csproj", "{DCD408C9-BC7B-4097-9903-AA1D5D4DC8C8}"
EndProject
Project("{9A19103F-16F7-4668-BE54-9A1E7A4F7556}") = "LogMagic.Microsoft.Azure.ApplicationInsights", "..\..\src\LogMagic.Microsoft.Azure.ApplicationInsights\LogMagic.Microsoft.Azure.ApplicationInsights.csproj", "{94E38880-2242-42EB-BA34-15896B1C36BD}"
EndProject
Project("{2150E333-8FDC-42A3-9474-1A3956D46DE8}") = "Ext", "Ext", "{D60148BE-C703-4300-B0CA-E7226A6A4AE8}"
EndProject
Project("{9A19103F-16F7-4668-BE54-9A1E7A4F7556}") = "LogMagic.Microsoft.ServiceFabric", "..\..\src\LogMagic.Microsoft.ServiceFabric\LogMagic.Microsoft.ServiceFabric.csproj", "{7DC46643-0E7E-4A8E-9051-774D3EF3A31C}"
EndProject
Global
	GlobalSection(SolutionConfigurationPlatforms) = preSolution
		Debug|Any CPU = Debug|Any CPU
		Debug|x64 = Debug|x64
		Release|Any CPU = Release|Any CPU
		Release|x64 = Release|x64
	EndGlobalSection
	GlobalSection(ProjectConfigurationPlatforms) = postSolution
		{4C5EC38A-26E9-451B-B85A-F9FDBAA64600}.Debug|Any CPU.ActiveCfg = Debug|x64
		{4C5EC38A-26E9-451B-B85A-F9FDBAA64600}.Debug|x64.ActiveCfg = Debug|x64
		{4C5EC38A-26E9-451B-B85A-F9FDBAA64600}.Debug|x64.Build.0 = Debug|x64
		{4C5EC38A-26E9-451B-B85A-F9FDBAA64600}.Debug|x64.Deploy.0 = Debug|x64
		{4C5EC38A-26E9-451B-B85A-F9FDBAA64600}.Release|Any CPU.ActiveCfg = Release|x64
		{4C5EC38A-26E9-451B-B85A-F9FDBAA64600}.Release|x64.ActiveCfg = Release|x64
		{4C5EC38A-26E9-451B-B85A-F9FDBAA64600}.Release|x64.Build.0 = Release|x64
		{4C5EC38A-26E9-451B-B85A-F9FDBAA64600}.Release|x64.Deploy.0 = Release|x64
		{6C2BAA9A-77B5-4C74-87B0-5F234B6860C5}.Debug|Any CPU.ActiveCfg = Debug|x64
		{6C2BAA9A-77B5-4C74-87B0-5F234B6860C5}.Debug|x64.ActiveCfg = Debug|x64
		{6C2BAA9A-77B5-4C74-87B0-5F234B6860C5}.Debug|x64.Build.0 = Debug|x64
		{6C2BAA9A-77B5-4C74-87B0-5F234B6860C5}.Release|Any CPU.ActiveCfg = Release|x64
		{6C2BAA9A-77B5-4C74-87B0-5F234B6860C5}.Release|x64.ActiveCfg = Release|x64
		{6C2BAA9A-77B5-4C74-87B0-5F234B6860C5}.Release|x64.Build.0 = Release|x64
		{DCD408C9-BC7B-4097-9903-AA1D5D4DC8C8}.Debug|Any CPU.ActiveCfg = Debug|Any CPU
		{DCD408C9-BC7B-4097-9903-AA1D5D4DC8C8}.Debug|Any CPU.Build.0 = Debug|Any CPU
		{DCD408C9-BC7B-4097-9903-AA1D5D4DC8C8}.Debug|x64.ActiveCfg = Debug|Any CPU
		{DCD408C9-BC7B-4097-9903-AA1D5D4DC8C8}.Debug|x64.Build.0 = Debug|Any CPU
		{DCD408C9-BC7B-4097-9903-AA1D5D4DC8C8}.Release|Any CPU.ActiveCfg = Release|Any CPU
		{DCD408C9-BC7B-4097-9903-AA1D5D4DC8C8}.Release|Any CPU.Build.0 = Release|Any CPU
		{DCD408C9-BC7B-4097-9903-AA1D5D4DC8C8}.Release|x64.ActiveCfg = Release|Any CPU
		{DCD408C9-BC7B-4097-9903-AA1D5D4DC8C8}.Release|x64.Build.0 = Release|Any CPU
		{94E38880-2242-42EB-BA34-15896B1C36BD}.Debug|Any CPU.ActiveCfg = Debug|Any CPU
		{94E38880-2242-42EB-BA34-15896B1C36BD}.Debug|Any CPU.Build.0 = Debug|Any CPU
		{94E38880-2242-42EB-BA34-15896B1C36BD}.Debug|x64.ActiveCfg = Debug|Any CPU
		{94E38880-2242-42EB-BA34-15896B1C36BD}.Debug|x64.Build.0 = Debug|Any CPU
		{94E38880-2242-42EB-BA34-15896B1C36BD}.Release|Any CPU.ActiveCfg = Release|Any CPU
		{94E38880-2242-42EB-BA34-15896B1C36BD}.Release|Any CPU.Build.0 = Release|Any CPU
		{94E38880-2242-42EB-BA34-15896B1C36BD}.Release|x64.ActiveCfg = Release|Any CPU
		{94E38880-2242-42EB-BA34-15896B1C36BD}.Release|x64.Build.0 = Release|Any CPU
		{7DC46643-0E7E-4A8E-9051-774D3EF3A31C}.Debug|Any CPU.ActiveCfg = Debug|Any CPU
		{7DC46643-0E7E-4A8E-9051-774D3EF3A31C}.Debug|Any CPU.Build.0 = Debug|Any CPU
		{7DC46643-0E7E-4A8E-9051-774D3EF3A31C}.Debug|x64.ActiveCfg = Debug|Any CPU
		{7DC46643-0E7E-4A8E-9051-774D3EF3A31C}.Debug|x64.Build.0 = Debug|Any CPU
		{7DC46643-0E7E-4A8E-9051-774D3EF3A31C}.Release|Any CPU.ActiveCfg = Release|Any CPU
		{7DC46643-0E7E-4A8E-9051-774D3EF3A31C}.Release|Any CPU.Build.0 = Release|Any CPU
		{7DC46643-0E7E-4A8E-9051-774D3EF3A31C}.Release|x64.ActiveCfg = Release|Any CPU
		{7DC46643-0E7E-4A8E-9051-774D3EF3A31C}.Release|x64.Build.0 = Release|Any CPU
	EndGlobalSection
	GlobalSection(SolutionProperties) = preSolution
		HideSolutionNode = FALSE
	EndGlobalSection
	GlobalSection(NestedProjects) = preSolution
		{DCD408C9-BC7B-4097-9903-AA1D5D4DC8C8} = {D60148BE-C703-4300-B0CA-E7226A6A4AE8}
		{94E38880-2242-42EB-BA34-15896B1C36BD} = {D60148BE-C703-4300-B0CA-E7226A6A4AE8}
		{7DC46643-0E7E-4A8E-9051-774D3EF3A31C} = {D60148BE-C703-4300-B0CA-E7226A6A4AE8}
	EndGlobalSection
	GlobalSection(ExtensibilityGlobals) = postSolution
		SolutionGuid = {F27F4D41-3F9B-4D1E-A7C7-D7B572AB1B1E}
	EndGlobalSection
EndGlobal
