
Microsoft Visual Studio Solution File, Format Version 12.00
# Visual Studio 15
VisualStudioVersion = 15.0.26730.16
MinimumVisualStudioVersion = 10.0.40219.1
Project("{A07B5EB6-E848-4116-A8D0-A826331D98C6}") = "LogMagic.FabricTestApp", "LogMagic.FabricTestApp\LogMagic.FabricTestApp.sfproj", "{82BBC2E7-66D8-4BD0-97EE-A00975E1AF09}"
EndProject
Project("{FAE04EC0-301F-11D3-BF4B-00C04F79EFBC}") = "LogMagic.FabricApp.StatelessSimulator", "LogMagic.FabricApp.StatelessSimulator\LogMagic.FabricApp.StatelessSimulator.csproj", "{D6D074EE-6C76-47D1-B608-07399A663E25}"
EndProject
Project("{2150E333-8FDC-42A3-9474-1A3956D46DE8}") = "Core", "Core", "{79186378-7C59-42E4-8113-94589DDF257E}"
EndProject
Project("{9A19103F-16F7-4668-BE54-9A1E7A4F7556}") = "LogMagic", "..\..\src\LogMagic\LogMagic.csproj", "{2D99309E-2F2E-4583-9BE3-80DEB6091D1C}"
EndProject
Project("{9A19103F-16F7-4668-BE54-9A1E7A4F7556}") = "LogMagic.Microsoft.Azure.ServiceFabric", "..\..\src\LogMagic.Microsoft.Azure.ServiceFabric\LogMagic.Microsoft.Azure.ServiceFabric.csproj", "{F1A30846-C16C-49D1-8F88-AE134112F85B}"
EndProject
Project("{FAE04EC0-301F-11D3-BF4B-00C04F79EFBC}") = "LogMagic.FabricApp.StatefulSimulator", "LogMagic.FabricApp.StatefulSimulator\LogMagic.FabricApp.StatefulSimulator.csproj", "{C37DFE90-A9FE-4AB7-BE93-50B26E408C03}"
EndProject
Project("{FAE04EC0-301F-11D3-BF4B-00C04F79EFBC}") = "LogMagic.FabricApp.Interfaces", "LogMagic.FabricApp.Interfaces\LogMagic.FabricApp.Interfaces.csproj", "{6BAEDACC-695B-4CC9-A221-06FF0101C7B5}"
EndProject
Global
	GlobalSection(SolutionConfigurationPlatforms) = preSolution
		Debug|Any CPU = Debug|Any CPU
		Debug|x64 = Debug|x64
		Release|Any CPU = Release|Any CPU
		Release|x64 = Release|x64
	EndGlobalSection
	GlobalSection(ProjectConfigurationPlatforms) = postSolution
		{82BBC2E7-66D8-4BD0-97EE-A00975E1AF09}.Debug|Any CPU.ActiveCfg = Debug|x64
		{82BBC2E7-66D8-4BD0-97EE-A00975E1AF09}.Debug|x64.ActiveCfg = Debug|x64
		{82BBC2E7-66D8-4BD0-97EE-A00975E1AF09}.Debug|x64.Build.0 = Debug|x64
		{82BBC2E7-66D8-4BD0-97EE-A00975E1AF09}.Debug|x64.Deploy.0 = Debug|x64
		{82BBC2E7-66D8-4BD0-97EE-A00975E1AF09}.Release|Any CPU.ActiveCfg = Release|x64
		{82BBC2E7-66D8-4BD0-97EE-A00975E1AF09}.Release|x64.ActiveCfg = Release|x64
		{82BBC2E7-66D8-4BD0-97EE-A00975E1AF09}.Release|x64.Build.0 = Release|x64
		{82BBC2E7-66D8-4BD0-97EE-A00975E1AF09}.Release|x64.Deploy.0 = Release|x64
		{D6D074EE-6C76-47D1-B608-07399A663E25}.Debug|Any CPU.ActiveCfg = Debug|x64
		{D6D074EE-6C76-47D1-B608-07399A663E25}.Debug|x64.ActiveCfg = Debug|x64
		{D6D074EE-6C76-47D1-B608-07399A663E25}.Debug|x64.Build.0 = Debug|x64
		{D6D074EE-6C76-47D1-B608-07399A663E25}.Release|Any CPU.ActiveCfg = Release|x64
		{D6D074EE-6C76-47D1-B608-07399A663E25}.Release|x64.ActiveCfg = Release|x64
		{D6D074EE-6C76-47D1-B608-07399A663E25}.Release|x64.Build.0 = Release|x64
		{2D99309E-2F2E-4583-9BE3-80DEB6091D1C}.Debug|Any CPU.ActiveCfg = Debug|Any CPU
		{2D99309E-2F2E-4583-9BE3-80DEB6091D1C}.Debug|Any CPU.Build.0 = Debug|Any CPU
		{2D99309E-2F2E-4583-9BE3-80DEB6091D1C}.Debug|x64.ActiveCfg = Debug|Any CPU
		{2D99309E-2F2E-4583-9BE3-80DEB6091D1C}.Debug|x64.Build.0 = Debug|Any CPU
		{2D99309E-2F2E-4583-9BE3-80DEB6091D1C}.Release|Any CPU.ActiveCfg = Release|Any CPU
		{2D99309E-2F2E-4583-9BE3-80DEB6091D1C}.Release|Any CPU.Build.0 = Release|Any CPU
		{2D99309E-2F2E-4583-9BE3-80DEB6091D1C}.Release|x64.ActiveCfg = Release|Any CPU
		{2D99309E-2F2E-4583-9BE3-80DEB6091D1C}.Release|x64.Build.0 = Release|Any CPU
		{F1A30846-C16C-49D1-8F88-AE134112F85B}.Debug|Any CPU.ActiveCfg = Debug|Any CPU
		{F1A30846-C16C-49D1-8F88-AE134112F85B}.Debug|Any CPU.Build.0 = Debug|Any CPU
		{F1A30846-C16C-49D1-8F88-AE134112F85B}.Debug|x64.ActiveCfg = Debug|Any CPU
		{F1A30846-C16C-49D1-8F88-AE134112F85B}.Debug|x64.Build.0 = Debug|Any CPU
		{F1A30846-C16C-49D1-8F88-AE134112F85B}.Release|Any CPU.ActiveCfg = Release|Any CPU
		{F1A30846-C16C-49D1-8F88-AE134112F85B}.Release|Any CPU.Build.0 = Release|Any CPU
		{F1A30846-C16C-49D1-8F88-AE134112F85B}.Release|x64.ActiveCfg = Release|Any CPU
		{F1A30846-C16C-49D1-8F88-AE134112F85B}.Release|x64.Build.0 = Release|Any CPU
		{C37DFE90-A9FE-4AB7-BE93-50B26E408C03}.Debug|Any CPU.ActiveCfg = Debug|x64
		{C37DFE90-A9FE-4AB7-BE93-50B26E408C03}.Debug|x64.ActiveCfg = Debug|x64
		{C37DFE90-A9FE-4AB7-BE93-50B26E408C03}.Debug|x64.Build.0 = Debug|x64
		{C37DFE90-A9FE-4AB7-BE93-50B26E408C03}.Release|Any CPU.ActiveCfg = Release|x64
		{C37DFE90-A9FE-4AB7-BE93-50B26E408C03}.Release|x64.ActiveCfg = Release|x64
		{C37DFE90-A9FE-4AB7-BE93-50B26E408C03}.Release|x64.Build.0 = Release|x64
		{6BAEDACC-695B-4CC9-A221-06FF0101C7B5}.Debug|Any CPU.ActiveCfg = Debug|Any CPU
		{6BAEDACC-695B-4CC9-A221-06FF0101C7B5}.Debug|Any CPU.Build.0 = Debug|Any CPU
		{6BAEDACC-695B-4CC9-A221-06FF0101C7B5}.Debug|x64.ActiveCfg = Debug|Any CPU
		{6BAEDACC-695B-4CC9-A221-06FF0101C7B5}.Debug|x64.Build.0 = Debug|Any CPU
		{6BAEDACC-695B-4CC9-A221-06FF0101C7B5}.Release|Any CPU.ActiveCfg = Release|Any CPU
		{6BAEDACC-695B-4CC9-A221-06FF0101C7B5}.Release|Any CPU.Build.0 = Release|Any CPU
		{6BAEDACC-695B-4CC9-A221-06FF0101C7B5}.Release|x64.ActiveCfg = Release|Any CPU
		{6BAEDACC-695B-4CC9-A221-06FF0101C7B5}.Release|x64.Build.0 = Release|Any CPU
	EndGlobalSection
	GlobalSection(SolutionProperties) = preSolution
		HideSolutionNode = FALSE
	EndGlobalSection
	GlobalSection(NestedProjects) = preSolution
		{2D99309E-2F2E-4583-9BE3-80DEB6091D1C} = {79186378-7C59-42E4-8113-94589DDF257E}
		{F1A30846-C16C-49D1-8F88-AE134112F85B} = {79186378-7C59-42E4-8113-94589DDF257E}
	EndGlobalSection
	GlobalSection(ExtensibilityGlobals) = postSolution
		SolutionGuid = {3D30327C-A7B3-4B0B-9B52-E26B102E9A36}
	EndGlobalSection
EndGlobal
