
Microsoft Visual Studio Solution File, Format Version 12.00
# Visual Studio 14
VisualStudioVersion = 14.0.25420.1
MinimumVisualStudioVersion = 10.0.40219.1
Project("{FAE04EC0-301F-11D3-BF4B-00C04F79EFBC}") = "LogMagic", "LogMagic\LogMagic.csproj", "{8AD9626D-6FAB-410B-AE0F-434339E69CBB}"
EndProject
Project("{FAE04EC0-301F-11D3-BF4B-00C04F79EFBC}") = "LogMagic.Portable", "LogMagic.Portable\LogMagic.Portable.csproj", "{20B7A73C-A7D3-4184-AB9D-801A4CAF94C4}"
EndProject
Project("{FAE04EC0-301F-11D3-BF4B-00C04F79EFBC}") = "LogMagic.Test", "LogMagic.Test\LogMagic.Test.csproj", "{21CDF227-16D8-4A5B-B750-8CAAF3D0BC29}"
EndProject
Project("{2150E333-8FDC-42A3-9474-1A3956D46DE8}") = "Solution Items", "Solution Items", "{86C6EC58-DA78-496D-809A-576813B4FD93}"
	ProjectSection(SolutionItems) = preProject
		..\logmagic.azure.nuspec = ..\logmagic.azure.nuspec
		..\logmagic.nuspec = ..\logmagic.nuspec
		..\logmagic.owin.nuspec = ..\logmagic.owin.nuspec
		..\logmagic.seq.nuspec = ..\logmagic.seq.nuspec
		..\pack.cmd = ..\pack.cmd
		..\README.md = ..\README.md
	EndProjectSection
EndProject
Project("{FAE04EC0-301F-11D3-BF4B-00C04F79EFBC}") = "LogMagic.WindowsAzure", "LogMagic.WindowsAzure\LogMagic.WindowsAzure.csproj", "{59F5AE33-1605-4395-9EEB-70E4BB82B19D}"
EndProject
Project("{2150E333-8FDC-42A3-9474-1A3956D46DE8}") = "snippets", "snippets", "{F12318E0-B0C4-461D-9499-D24B32D0D30A}"
	ProjectSection(SolutionItems) = preProject
		vssnippets\install.ps1 = vssnippets\install.ps1
		vssnippets\lcfgposhcon.snippet = vssnippets\lcfgposhcon.snippet
		vssnippets\ld.snippet = vssnippets\ld.snippet
		vssnippets\ldef.snippet = vssnippets\ldef.snippet
		vssnippets\le.snippet = vssnippets\le.snippet
		vssnippets\li.snippet = vssnippets\li.snippet
		vssnippets\lw.snippet = vssnippets\lw.snippet
	EndProjectSection
EndProject
Project("{FAE04EC0-301F-11D3-BF4B-00C04F79EFBC}") = "LogMagic.Seq", "LogMagic.Seq\LogMagic.Seq.csproj", "{D7692DCC-9B4A-48CC-A0BD-2C36E0042ABF}"
EndProject
Project("{2150E333-8FDC-42A3-9474-1A3956D46DE8}") = "External", "External", "{968E3104-FAC1-4D0E-B941-3665D65D4414}"
EndProject
Project("{FAE04EC0-301F-11D3-BF4B-00C04F79EFBC}") = "LogMagic.Owin", "LogMagic.Owin\LogMagic.Owin.csproj", "{C3ECCE4B-03A3-4DAB-B317-2D3AE0BB5925}"
EndProject
Project("{FAE04EC0-301F-11D3-BF4B-00C04F79EFBC}") = "LogMagic.WCF", "LogMagic.WCF\LogMagic.WCF.csproj", "{C13A67E7-3A90-4B47-830E-0982100097EB}"
EndProject
Project("{8BB2217D-0F2D-49D1-97BC-3654ED321F3B}") = "LogMagic.NetCore", "LogMagic.NetCore\LogMagic.NetCore.xproj", "{DE00E394-76A6-4BC0-ADAE-828F5C135C44}"
EndProject
Global
	GlobalSection(SolutionConfigurationPlatforms) = preSolution
		Debug|Any CPU = Debug|Any CPU
		Release|Any CPU = Release|Any CPU
	EndGlobalSection
	GlobalSection(ProjectConfigurationPlatforms) = postSolution
		{8AD9626D-6FAB-410B-AE0F-434339E69CBB}.Debug|Any CPU.ActiveCfg = Debug|Any CPU
		{8AD9626D-6FAB-410B-AE0F-434339E69CBB}.Debug|Any CPU.Build.0 = Debug|Any CPU
		{8AD9626D-6FAB-410B-AE0F-434339E69CBB}.Release|Any CPU.ActiveCfg = Release|Any CPU
		{8AD9626D-6FAB-410B-AE0F-434339E69CBB}.Release|Any CPU.Build.0 = Release|Any CPU
		{20B7A73C-A7D3-4184-AB9D-801A4CAF94C4}.Debug|Any CPU.ActiveCfg = Debug|Any CPU
		{20B7A73C-A7D3-4184-AB9D-801A4CAF94C4}.Debug|Any CPU.Build.0 = Debug|Any CPU
		{20B7A73C-A7D3-4184-AB9D-801A4CAF94C4}.Release|Any CPU.ActiveCfg = Release|Any CPU
		{20B7A73C-A7D3-4184-AB9D-801A4CAF94C4}.Release|Any CPU.Build.0 = Release|Any CPU
		{21CDF227-16D8-4A5B-B750-8CAAF3D0BC29}.Debug|Any CPU.ActiveCfg = Debug|Any CPU
		{21CDF227-16D8-4A5B-B750-8CAAF3D0BC29}.Debug|Any CPU.Build.0 = Debug|Any CPU
		{21CDF227-16D8-4A5B-B750-8CAAF3D0BC29}.Release|Any CPU.ActiveCfg = Release|Any CPU
		{21CDF227-16D8-4A5B-B750-8CAAF3D0BC29}.Release|Any CPU.Build.0 = Release|Any CPU
		{59F5AE33-1605-4395-9EEB-70E4BB82B19D}.Debug|Any CPU.ActiveCfg = Debug|Any CPU
		{59F5AE33-1605-4395-9EEB-70E4BB82B19D}.Debug|Any CPU.Build.0 = Debug|Any CPU
		{59F5AE33-1605-4395-9EEB-70E4BB82B19D}.Release|Any CPU.ActiveCfg = Release|Any CPU
		{59F5AE33-1605-4395-9EEB-70E4BB82B19D}.Release|Any CPU.Build.0 = Release|Any CPU
		{D7692DCC-9B4A-48CC-A0BD-2C36E0042ABF}.Debug|Any CPU.ActiveCfg = Debug|Any CPU
		{D7692DCC-9B4A-48CC-A0BD-2C36E0042ABF}.Debug|Any CPU.Build.0 = Debug|Any CPU
		{D7692DCC-9B4A-48CC-A0BD-2C36E0042ABF}.Release|Any CPU.ActiveCfg = Release|Any CPU
		{D7692DCC-9B4A-48CC-A0BD-2C36E0042ABF}.Release|Any CPU.Build.0 = Release|Any CPU
		{C3ECCE4B-03A3-4DAB-B317-2D3AE0BB5925}.Debug|Any CPU.ActiveCfg = Debug|Any CPU
		{C3ECCE4B-03A3-4DAB-B317-2D3AE0BB5925}.Debug|Any CPU.Build.0 = Debug|Any CPU
		{C3ECCE4B-03A3-4DAB-B317-2D3AE0BB5925}.Release|Any CPU.ActiveCfg = Release|Any CPU
		{C3ECCE4B-03A3-4DAB-B317-2D3AE0BB5925}.Release|Any CPU.Build.0 = Release|Any CPU
		{C13A67E7-3A90-4B47-830E-0982100097EB}.Debug|Any CPU.ActiveCfg = Debug|Any CPU
		{C13A67E7-3A90-4B47-830E-0982100097EB}.Debug|Any CPU.Build.0 = Debug|Any CPU
		{C13A67E7-3A90-4B47-830E-0982100097EB}.Release|Any CPU.ActiveCfg = Release|Any CPU
		{C13A67E7-3A90-4B47-830E-0982100097EB}.Release|Any CPU.Build.0 = Release|Any CPU
		{DE00E394-76A6-4BC0-ADAE-828F5C135C44}.Debug|Any CPU.ActiveCfg = Debug|Any CPU
		{DE00E394-76A6-4BC0-ADAE-828F5C135C44}.Debug|Any CPU.Build.0 = Debug|Any CPU
		{DE00E394-76A6-4BC0-ADAE-828F5C135C44}.Release|Any CPU.ActiveCfg = Release|Any CPU
		{DE00E394-76A6-4BC0-ADAE-828F5C135C44}.Release|Any CPU.Build.0 = Release|Any CPU
	EndGlobalSection
	GlobalSection(SolutionProperties) = preSolution
		HideSolutionNode = FALSE
	EndGlobalSection
	GlobalSection(NestedProjects) = preSolution
		{59F5AE33-1605-4395-9EEB-70E4BB82B19D} = {968E3104-FAC1-4D0E-B941-3665D65D4414}
		{F12318E0-B0C4-461D-9499-D24B32D0D30A} = {86C6EC58-DA78-496D-809A-576813B4FD93}
		{D7692DCC-9B4A-48CC-A0BD-2C36E0042ABF} = {968E3104-FAC1-4D0E-B941-3665D65D4414}
		{C3ECCE4B-03A3-4DAB-B317-2D3AE0BB5925} = {968E3104-FAC1-4D0E-B941-3665D65D4414}
		{C13A67E7-3A90-4B47-830E-0982100097EB} = {968E3104-FAC1-4D0E-B941-3665D65D4414}
	EndGlobalSection
EndGlobal
