
Microsoft Visual Studio Solution File, Format Version 12.00
# Visual Studio 14
VisualStudioVersion = 14.0.23107.0
MinimumVisualStudioVersion = 10.0.40219.1
Project("{FAE04EC0-301F-11D3-BF4B-00C04F79EFBC}") = "LogMagic", "LogMagic\LogMagic.csproj", "{8AD9626D-6FAB-410B-AE0F-434339E69CBB}"
EndProject
Project("{FAE04EC0-301F-11D3-BF4B-00C04F79EFBC}") = "LogMagic.Portable", "LogMagic.Portable\LogMagic.Portable.csproj", "{20B7A73C-A7D3-4184-AB9D-801A4CAF94C4}"
EndProject
Project("{FAE04EC0-301F-11D3-BF4B-00C04F79EFBC}") = "LogMagic.Test", "LogMagic.Test\LogMagic.Test.csproj", "{21CDF227-16D8-4A5B-B750-8CAAF3D0BC29}"
EndProject
Global
	GlobalSection(SolutionConfigurationPlatforms) = preSolution
		Debug|Any CPU = Debug|Any CPU
		Release|Any CPU = Release|Any CPU
	EndGlobalSection
	GlobalSection(ProjectConfigurationPlatforms) = postSolution
		{8AD9626D-6FAB-410B-AE0F-434339E69CBB}.Debug|Any CPU.ActiveCfg = Debug|Any CPU
		{8AD9626D-6FAB-410B-AE0F-434339E69CBB}.Debug|Any CPU.Build.0 = Debug|Any CPU
		{8AD9626D-6FAB-410B-AE0F-434339E69CBB}.Release|Any CPU.ActiveCfg = Release|Any CPU
		{8AD9626D-6FAB-410B-AE0F-434339E69CBB}.Release|Any CPU.Build.0 = Release|Any CPU
		{20B7A73C-A7D3-4184-AB9D-801A4CAF94C4}.Debug|Any CPU.ActiveCfg = Debug|Any CPU
		{20B7A73C-A7D3-4184-AB9D-801A4CAF94C4}.Debug|Any CPU.Build.0 = Debug|Any CPU
		{20B7A73C-A7D3-4184-AB9D-801A4CAF94C4}.Release|Any CPU.ActiveCfg = Release|Any CPU
		{20B7A73C-A7D3-4184-AB9D-801A4CAF94C4}.Release|Any CPU.Build.0 = Release|Any CPU
		{21CDF227-16D8-4A5B-B750-8CAAF3D0BC29}.Debug|Any CPU.ActiveCfg = Debug|Any CPU
		{21CDF227-16D8-4A5B-B750-8CAAF3D0BC29}.Debug|Any CPU.Build.0 = Debug|Any CPU
		{21CDF227-16D8-4A5B-B750-8CAAF3D0BC29}.Release|Any CPU.ActiveCfg = Release|Any CPU
		{21CDF227-16D8-4A5B-B750-8CAAF3D0BC29}.Release|Any CPU.Build.0 = Release|Any CPU
	EndGlobalSection
	GlobalSection(SolutionProperties) = preSolution
		HideSolutionNode = FALSE
	EndGlobalSection
EndGlobal
